{
  "name": "character-composer",
  "version": "0.0.1",
  "lockfileVersion": 1,
  "requires": true,
  "dependencies": {
    "deep-assign": {
      "version": "2.0.0",
      "resolved": "https://registry.npmjs.org/deep-assign/-/deep-assign-2.0.0.tgz",
      "integrity": "sha1-6+BrHwfwja5ZdiDj3RYi83GhxXI=",
      "requires": {
        "is-obj": "^1.0.0"
      }
    },
    "expr-eval": {
      "version": "1.2.2",
      "resolved": "https://registry.npmjs.org/expr-eval/-/expr-eval-1.2.2.tgz",
      "integrity": "sha1-ixoWC4FOZ9p2UgB+JpNxSJUiHqA="
    },
    "get-value": {
      "version": "3.0.1",
      "resolved": "https://registry.npmjs.org/get-value/-/get-value-3.0.1.tgz",
      "integrity": "sha512-mKZj9JLQrwMBtj5wxi6MH8Z5eSKaERpAwjg43dPtlGI1ZVEgH/qC7T8/6R2OBSUA+zzHBZgICsVJaEIV2tKTDA==",
      "requires": {
        "isobject": "^3.0.1"
      }
    },
    "is-obj": {
      "version": "1.0.1",
      "resolved": "http://registry.npmjs.org/is-obj/-/is-obj-1.0.1.tgz",
      "integrity": "sha1-PkcprB9f3gJc19g6iW2rn09n2w8="
    },
    "is-plain-object": {
      "version": "2.0.4",
      "resolved": "https://registry.npmjs.org/is-plain-object/-/is-plain-object-2.0.4.tgz",
      "integrity": "sha512-h5PpgXkWitc38BBMYawTYMWJHFZJVnBquFE57xFpjB8pJFiF6gZ+bU+WyI/yqXiFR5mdLsgYNaPe8uao6Uv9Og==",
      "requires": {
        "isobject": "^3.0.1"
      }
    },
    "isobject": {
      "version": "3.0.1",
      "resolved": "https://registry.npmjs.org/isobject/-/isobject-3.0.1.tgz",
      "integrity": "sha1-TkMekrEalzFjaqH5yNHMvP2reN8="
    },
    "set-value": {
      "version": "3.0.0",
      "resolved": "https://registry.npmjs.org/set-value/-/set-value-3.0.0.tgz",
      "integrity": "sha512-tqkg9wJ2TOsxbzIMG5NMAmzjdbDTAD0in7XuUzmFpJE4Ipi2QFBfgC2Z1/gfxcAmWCPsuutiEJyDIMRsrjrMOQ==",
      "requires": {
        "is-plain-object": "^2.0.4"
      }
    }
  }
}
